
Microsoft Visual Studio Solution File, Format Version 12.00
# Visual Studio Version 17
VisualStudioVersion = 17.6.33829.357
MinimumVisualStudioVersion = 10.0.40219.1
Project("{FAE04EC0-301F-11D3-BF4B-00C04F79EFBC}") = "CCMZ_API", "CCMZ_API\CCMZ_API.csproj", "{66EDB321-28F0-4A00-BC1A-E7C38FA0C44E}"
EndProject
Global
	GlobalSection(SolutionConfigurationPlatforms) = preSolution
		Debug|Any CPU = Debug|Any CPU
		Release|Any CPU = Release|Any CPU
	EndGlobalSection
	GlobalSection(ProjectConfigurationPlatforms) = postSolution
		{66EDB321-28F0-4A00-BC1A-E7C38FA0C44E}.Debug|Any CPU.ActiveCfg = Debug|Any CPU
		{66EDB321-28F0-4A00-BC1A-E7C38FA0C44E}.Debug|Any CPU.Build.0 = Debug|Any CPU
		{66EDB321-28F0-4A00-BC1A-E7C38FA0C44E}.Release|Any CPU.ActiveCfg = Release|Any CPU
		{66EDB321-28F0-4A00-BC1A-E7C38FA0C44E}.Release|Any CPU.Build.0 = Release|Any CPU
	EndGlobalSection
	GlobalSection(SolutionProperties) = preSolution
		HideSolutionNode = FALSE
	EndGlobalSection
	GlobalSection(ExtensibilityGlobals) = postSolution
		SolutionGuid = {E5EB7F81-1E2C-4478-9143-6621A19154E8}
	EndGlobalSection
EndGlobal
